
Microsoft Visual Studio Solution File, Format Version 12.00
# Visual Studio Version 17
VisualStudioVersion = 17.0.31903.59
MinimumVisualStudioVersion = 10.0.40219.1
Project("{2150E333-8FDC-42A3-9474-1A3956D46DE8}") = "src", "src", "{827E0CD3-B72D-47B6-A68D-7590B98EB39B}"
EndProject
Project("{FAE04EC0-301F-11D3-BF4B-00C04F79EFBC}") = "HerdrOps.App", "src\HerdrOps.App\HerdrOps.App.csproj", "{EB9D25D5-48B8-4FBE-A8C8-038FA7627E85}"
EndProject
Project("{FAE04EC0-301F-11D3-BF4B-00C04F79EFBC}") = "HerdrOps.Core", "src\HerdrOps.Core\HerdrOps.Core.csproj", "{EBD68EBB-40B5-41D8-84C3-6068F298465C}"
EndProject
Project("{FAE04EC0-301F-11D3-BF4B-00C04F79EFBC}") = "HerdrOps.Cli", "src\HerdrOps.Cli\HerdrOps.Cli.csproj", "{0557B430-7D9E-49EC-86C0-6226EDAD618F}"
EndProject
Project("{FAE04EC0-301F-11D3-BF4B-00C04F79EFBC}") = "HerdrOps.Contracts", "src\HerdrOps.Contracts\HerdrOps.Contracts.csproj", "{4AC63F4B-0559-4B8D-B3A8-0AA4AC91FC57}"
EndProject
Project("{FAE04EC0-301F-11D3-BF4B-00C04F79EFBC}") = "HerdrOps.Domain", "src\HerdrOps.Domain\HerdrOps.Domain.csproj", "{CFF2544C-AEBD-4279-AFC9-6F576D0BA401}"
EndProject
Project("{FAE04EC0-301F-11D3-BF4B-00C04F79EFBC}") = "HerdrOps.Infrastructure", "src\HerdrOps.Infrastructure\HerdrOps.Infrastructure.csproj", "{DB24BE3D-4855-430C-8238-23107EE434ED}"
EndProject
Project("{2150E333-8FDC-42A3-9474-1A3956D46DE8}") = "tests", "tests", "{0AB3BF05-4346-4AA6-1389-037BE0695223}"
EndProject
Project("{FAE04EC0-301F-11D3-BF4B-00C04F79EFBC}") = "HerdrOps.UnitTests", "tests\HerdrOps.UnitTests\HerdrOps.UnitTests.csproj", "{5D7D4B37-0539-48EE-B638-A4D709EB8C27}"
EndProject
Project("{FAE04EC0-301F-11D3-BF4B-00C04F79EFBC}") = "HerdrOps.ContractTests", "tests\HerdrOps.ContractTests\HerdrOps.ContractTests.csproj", "{D74A898E-E453-4738-A255-E5A77BD318F8}"
EndProject
Project("{FAE04EC0-301F-11D3-BF4B-00C04F79EFBC}") = "HerdrOps.IntegrationTests", "tests\HerdrOps.IntegrationTests\HerdrOps.IntegrationTests.csproj", "{24F73751-87BC-422D-AAF7-3CCA70557A7B}"
EndProject
Project("{FAE04EC0-301F-11D3-BF4B-00C04F79EFBC}") = "HerdrOps.RuntimeTests", "tests\HerdrOps.RuntimeTests\HerdrOps.RuntimeTests.csproj", "{6A1D44D6-DF0A-48C4-A4CF-9FB49E1B201F}"
EndProject
Global
	GlobalSection(SolutionConfigurationPlatforms) = preSolution
		Debug|Any CPU = Debug|Any CPU
		Debug|x64 = Debug|x64
		Debug|x86 = Debug|x86
		Release|Any CPU = Release|Any CPU
		Release|x64 = Release|x64
		Release|x86 = Release|x86
	EndGlobalSection
	GlobalSection(ProjectConfigurationPlatforms) = postSolution
		{EB9D25D5-48B8-4FBE-A8C8-038FA7627E85}.Debug|Any CPU.ActiveCfg = Debug|Any CPU
		{EB9D25D5-48B8-4FBE-A8C8-038FA7627E85}.Debug|Any CPU.Build.0 = Debug|Any CPU
		{EB9D25D5-48B8-4FBE-A8C8-038FA7627E85}.Debug|x64.ActiveCfg = Debug|Any CPU
		{EB9D25D5-48B8-4FBE-A8C8-038FA7627E85}.Debug|x64.Build.0 = Debug|Any CPU
		{EB9D25D5-48B8-4FBE-A8C8-038FA7627E85}.Debug|x86.ActiveCfg = Debug|Any CPU
		{EB9D25D5-48B8-4FBE-A8C8-038FA7627E85}.Debug|x86.Build.0 = Debug|Any CPU
		{EB9D25D5-48B8-4FBE-A8C8-038FA7627E85}.Release|Any CPU.ActiveCfg = Release|Any CPU
		{EB9D25D5-48B8-4FBE-A8C8-038FA7627E85}.Release|Any CPU.Build.0 = Release|Any CPU
		{EB9D25D5-48B8-4FBE-A8C8-038FA7627E85}.Release|x64.ActiveCfg = Release|Any CPU
		{EB9D25D5-48B8-4FBE-A8C8-038FA7627E85}.Release|x64.Build.0 = Release|Any CPU
		{EB9D25D5-48B8-4FBE-A8C8-038FA7627E85}.Release|x86.ActiveCfg = Release|Any CPU
		{EB9D25D5-48B8-4FBE-A8C8-038FA7627E85}.Release|x86.Build.0 = Release|Any CPU
		{EBD68EBB-40B5-41D8-84C3-6068F298465C}.Debug|Any CPU.ActiveCfg = Debug|Any CPU
		{EBD68EBB-40B5-41D8-84C3-6068F298465C}.Debug|Any CPU.Build.0 = Debug|Any CPU
		{EBD68EBB-40B5-41D8-84C3-6068F298465C}.Debug|x64.ActiveCfg = Debug|Any CPU
		{EBD68EBB-40B5-41D8-84C3-6068F298465C}.Debug|x64.Build.0 = Debug|Any CPU
		{EBD68EBB-40B5-41D8-84C3-6068F298465C}.Debug|x86.ActiveCfg = Debug|Any CPU
		{EBD68EBB-40B5-41D8-84C3-6068F298465C}.Debug|x86.Build.0 = Debug|Any CPU
		{EBD68EBB-40B5-41D8-84C3-6068F298465C}.Release|Any CPU.ActiveCfg = Release|Any CPU
		{EBD68EBB-40B5-41D8-84C3-6068F298465C}.Release|Any CPU.Build.0 = Release|Any CPU
		{EBD68EBB-40B5-41D8-84C3-6068F298465C}.Release|x64.ActiveCfg = Release|Any CPU
		{EBD68EBB-40B5-41D8-84C3-6068F298465C}.Release|x64.Build.0 = Release|Any CPU
		{EBD68EBB-40B5-41D8-84C3-6068F298465C}.Release|x86.ActiveCfg = Release|Any CPU
		{EBD68EBB-40B5-41D8-84C3-6068F298465C}.Release|x86.Build.0 = Release|Any CPU
		{0557B430-7D9E-49EC-86C0-6226EDAD618F}.Debug|Any CPU.ActiveCfg = Debug|Any CPU
		{0557B430-7D9E-49EC-86C0-6226EDAD618F}.Debug|Any CPU.Build.0 = Debug|Any CPU
		{0557B430-7D9E-49EC-86C0-6226EDAD618F}.Debug|x64.ActiveCfg = Debug|Any CPU
		{0557B430-7D9E-49EC-86C0-6226EDAD618F}.Debug|x64.Build.0 = Debug|Any CPU
		{0557B430-7D9E-49EC-86C0-6226EDAD618F}.Debug|x86.ActiveCfg = Debug|Any CPU
		{0557B430-7D9E-49EC-86C0-6226EDAD618F}.Debug|x86.Build.0 = Debug|Any CPU
		{0557B430-7D9E-49EC-86C0-6226EDAD618F}.Release|Any CPU.ActiveCfg = Release|Any CPU
		{0557B430-7D9E-49EC-86C0-6226EDAD618F}.Release|Any CPU.Build.0 = Release|Any CPU
		{0557B430-7D9E-49EC-86C0-6226EDAD618F}.Release|x64.ActiveCfg = Release|Any CPU
		{0557B430-7D9E-49EC-86C0-6226EDAD618F}.Release|x64.Build.0 = Release|Any CPU
		{0557B430-7D9E-49EC-86C0-6226EDAD618F}.Release|x86.ActiveCfg = Release|Any CPU
		{0557B430-7D9E-49EC-86C0-6226EDAD618F}.Release|x86.Build.0 = Release|Any CPU
		{4AC63F4B-0559-4B8D-B3A8-0AA4AC91FC57}.Debug|Any CPU.ActiveCfg = Debug|Any CPU
		{4AC63F4B-0559-4B8D-B3A8-0AA4AC91FC57}.Debug|Any CPU.Build.0 = Debug|Any CPU
		{4AC63F4B-0559-4B8D-B3A8-0AA4AC91FC57}.Debug|x64.ActiveCfg = Debug|Any CPU
		{4AC63F4B-0559-4B8D-B3A8-0AA4AC91FC57}.Debug|x64.Build.0 = Debug|Any CPU
		{4AC63F4B-0559-4B8D-B3A8-0AA4AC91FC57}.Debug|x86.ActiveCfg = Debug|Any CPU
		{4AC63F4B-0559-4B8D-B3A8-0AA4AC91FC57}.Debug|x86.Build.0 = Debug|Any CPU
		{4AC63F4B-0559-4B8D-B3A8-0AA4AC91FC57}.Release|Any CPU.ActiveCfg = Release|Any CPU
		{4AC63F4B-0559-4B8D-B3A8-0AA4AC91FC57}.Release|Any CPU.Build.0 = Release|Any CPU
		{4AC63F4B-0559-4B8D-B3A8-0AA4AC91FC57}.Release|x64.ActiveCfg = Release|Any CPU
		{4AC63F4B-0559-4B8D-B3A8-0AA4AC91FC57}.Release|x64.Build.0 = Release|Any CPU
		{4AC63F4B-0559-4B8D-B3A8-0AA4AC91FC57}.Release|x86.ActiveCfg = Release|Any CPU
		{4AC63F4B-0559-4B8D-B3A8-0AA4AC91FC57}.Release|x86.Build.0 = Release|Any CPU
		{CFF2544C-AEBD-4279-AFC9-6F576D0BA401}.Debug|Any CPU.ActiveCfg = Debug|Any CPU
		{CFF2544C-AEBD-4279-AFC9-6F576D0BA401}.Debug|Any CPU.Build.0 = Debug|Any CPU
		{CFF2544C-AEBD-4279-AFC9-6F576D0BA401}.Debug|x64.ActiveCfg = Debug|Any CPU
		{CFF2544C-AEBD-4279-AFC9-6F576D0BA401}.Debug|x64.Build.0 = Debug|Any CPU
		{CFF2544C-AEBD-4279-AFC9-6F576D0BA401}.Debug|x86.ActiveCfg = Debug|Any CPU
		{CFF2544C-AEBD-4279-AFC9-6F576D0BA401}.Debug|x86.Build.0 = Debug|Any CPU
		{CFF2544C-AEBD-4279-AFC9-6F576D0BA401}.Release|Any CPU.ActiveCfg = Release|Any CPU
		{CFF2544C-AEBD-4279-AFC9-6F576D0BA401}.Release|Any CPU.Build.0 = Release|Any CPU
		{CFF2544C-AEBD-4279-AFC9-6F576D0BA401}.Release|x64.ActiveCfg = Release|Any CPU
		{CFF2544C-AEBD-4279-AFC9-6F576D0BA401}.Release|x64.Build.0 = Release|Any CPU
		{CFF2544C-AEBD-4279-AFC9-6F576D0BA401}.Release|x86.ActiveCfg = Release|Any CPU
		{CFF2544C-AEBD-4279-AFC9-6F576D0BA401}.Release|x86.Build.0 = Release|Any CPU
		{DB24BE3D-4855-430C-8238-23107EE434ED}.Debug|Any CPU.ActiveCfg = Debug|Any CPU
		{DB24BE3D-4855-430C-8238-23107EE434ED}.Debug|Any CPU.Build.0 = Debug|Any CPU
		{DB24BE3D-4855-430C-8238-23107EE434ED}.Debug|x64.ActiveCfg = Debug|Any CPU
		{DB24BE3D-4855-430C-8238-23107EE434ED}.Debug|x64.Build.0 = Debug|Any CPU
		{DB24BE3D-4855-430C-8238-23107EE434ED}.Debug|x86.ActiveCfg = Debug|Any CPU
		{DB24BE3D-4855-430C-8238-23107EE434ED}.Debug|x86.Build.0 = Debug|Any CPU
		{DB24BE3D-4855-430C-8238-23107EE434ED}.Release|Any CPU.ActiveCfg = Release|Any CPU
		{DB24BE3D-4855-430C-8238-23107EE434ED}.Release|Any CPU.Build.0 = Release|Any CPU
		{DB24BE3D-4855-430C-8238-23107EE434ED}.Release|x64.ActiveCfg = Release|Any CPU
		{DB24BE3D-4855-430C-8238-23107EE434ED}.Release|x64.Build.0 = Release|Any CPU
		{DB24BE3D-4855-430C-8238-23107EE434ED}.Release|x86.ActiveCfg = Release|Any CPU
		{DB24BE3D-4855-430C-8238-23107EE434ED}.Release|x86.Build.0 = Release|Any CPU
		{5D7D4B37-0539-48EE-B638-A4D709EB8C27}.Debug|Any CPU.ActiveCfg = Debug|Any CPU
		{5D7D4B37-0539-48EE-B638-A4D709EB8C27}.Debug|Any CPU.Build.0 = Debug|Any CPU
		{5D7D4B37-0539-48EE-B638-A4D709EB8C27}.Debug|x64.ActiveCfg = Debug|Any CPU
		{5D7D4B37-0539-48EE-B638-A4D709EB8C27}.Debug|x64.Build.0 = Debug|Any CPU
		{5D7D4B37-0539-48EE-B638-A4D709EB8C27}.Debug|x86.ActiveCfg = Debug|Any CPU
		{5D7D4B37-0539-48EE-B638-A4D709EB8C27}.Debug|x86.Build.0 = Debug|Any CPU
		{5D7D4B37-0539-48EE-B638-A4D709EB8C27}.Release|Any CPU.ActiveCfg = Release|Any CPU
		{5D7D4B37-0539-48EE-B638-A4D709EB8C27}.Release|Any CPU.Build.0 = Release|Any CPU
		{5D7D4B37-0539-48EE-B638-A4D709EB8C27}.Release|x64.ActiveCfg = Release|Any CPU
		{5D7D4B37-0539-48EE-B638-A4D709EB8C27}.Release|x64.Build.0 = Release|Any CPU
		{5D7D4B37-0539-48EE-B638-A4D709EB8C27}.Release|x86.ActiveCfg = Release|Any CPU
		{5D7D4B37-0539-48EE-B638-A4D709EB8C27}.Release|x86.Build.0 = Release|Any CPU
		{D74A898E-E453-4738-A255-E5A77BD318F8}.Debug|Any CPU.ActiveCfg = Debug|Any CPU
		{D74A898E-E453-4738-A255-E5A77BD318F8}.Debug|Any CPU.Build.0 = Debug|Any CPU
		{D74A898E-E453-4738-A255-E5A77BD318F8}.Debug|x64.ActiveCfg = Debug|Any CPU
		{D74A898E-E453-4738-A255-E5A77BD318F8}.Debug|x64.Build.0 = Debug|Any CPU
		{D74A898E-E453-4738-A255-E5A77BD318F8}.Debug|x86.ActiveCfg = Debug|Any CPU
		{D74A898E-E453-4738-A255-E5A77BD318F8}.Debug|x86.Build.0 = Debug|Any CPU
		{D74A898E-E453-4738-A255-E5A77BD318F8}.Release|Any CPU.ActiveCfg = Release|Any CPU
		{D74A898E-E453-4738-A255-E5A77BD318F8}.Release|Any CPU.Build.0 = Release|Any CPU
		{D74A898E-E453-4738-A255-E5A77BD318F8}.Release|x64.ActiveCfg = Release|Any CPU
		{D74A898E-E453-4738-A255-E5A77BD318F8}.Release|x64.Build.0 = Release|Any CPU
		{D74A898E-E453-4738-A255-E5A77BD318F8}.Release|x86.ActiveCfg = Release|Any CPU
		{D74A898E-E453-4738-A255-E5A77BD318F8}.Release|x86.Build.0 = Release|Any CPU
		{24F73751-87BC-422D-AAF7-3CCA70557A7B}.Debug|Any CPU.ActiveCfg = Debug|Any CPU
		{24F73751-87BC-422D-AAF7-3CCA70557A7B}.Debug|Any CPU.Build.0 = Debug|Any CPU
		{24F73751-87BC-422D-AAF7-3CCA70557A7B}.Debug|x64.ActiveCfg = Debug|Any CPU
		{24F73751-87BC-422D-AAF7-3CCA70557A7B}.Debug|x64.Build.0 = Debug|Any CPU
		{24F73751-87BC-422D-AAF7-3CCA70557A7B}.Debug|x86.ActiveCfg = Debug|Any CPU
		{24F73751-87BC-422D-AAF7-3CCA70557A7B}.Debug|x86.Build.0 = Debug|Any CPU
		{24F73751-87BC-422D-AAF7-3CCA70557A7B}.Release|Any CPU.ActiveCfg = Release|Any CPU
		{24F73751-87BC-422D-AAF7-3CCA70557A7B}.Release|Any CPU.Build.0 = Release|Any CPU
		{24F73751-87BC-422D-AAF7-3CCA70557A7B}.Release|x64.ActiveCfg = Release|Any CPU
		{24F73751-87BC-422D-AAF7-3CCA70557A7B}.Release|x64.Build.0 = Release|Any CPU
		{24F73751-87BC-422D-AAF7-3CCA70557A7B}.Release|x86.ActiveCfg = Release|Any CPU
		{24F73751-87BC-422D-AAF7-3CCA70557A7B}.Release|x86.Build.0 = Release|Any CPU
		{6A1D44D6-DF0A-48C4-A4CF-9FB49E1B201F}.Debug|Any CPU.ActiveCfg = Debug|Any CPU
		{6A1D44D6-DF0A-48C4-A4CF-9FB49E1B201F}.Debug|Any CPU.Build.0 = Debug|Any CPU
		{6A1D44D6-DF0A-48C4-A4CF-9FB49E1B201F}.Debug|x64.ActiveCfg = Debug|Any CPU
		{6A1D44D6-DF0A-48C4-A4CF-9FB49E1B201F}.Debug|x64.Build.0 = Debug|Any CPU
		{6A1D44D6-DF0A-48C4-A4CF-9FB49E1B201F}.Debug|x86.ActiveCfg = Debug|Any CPU
		{6A1D44D6-DF0A-48C4-A4CF-9FB49E1B201F}.Debug|x86.Build.0 = Debug|Any CPU
		{6A1D44D6-DF0A-48C4-A4CF-9FB49E1B201F}.Release|Any CPU.ActiveCfg = Release|Any CPU
		{6A1D44D6-DF0A-48C4-A4CF-9FB49E1B201F}.Release|Any CPU.Build.0 = Release|Any CPU
		{6A1D44D6-DF0A-48C4-A4CF-9FB49E1B201F}.Release|x64.ActiveCfg = Release|Any CPU
		{6A1D44D6-DF0A-48C4-A4CF-9FB49E1B201F}.Release|x64.Build.0 = Release|Any CPU
		{6A1D44D6-DF0A-48C4-A4CF-9FB49E1B201F}.Release|x86.ActiveCfg = Release|Any CPU
		{6A1D44D6-DF0A-48C4-A4CF-9FB49E1B201F}.Release|x86.Build.0 = Release|Any CPU
	EndGlobalSection
	GlobalSection(SolutionProperties) = preSolution
		HideSolutionNode = FALSE
	EndGlobalSection
	GlobalSection(NestedProjects) = preSolution
		{EB9D25D5-48B8-4FBE-A8C8-038FA7627E85} = {827E0CD3-B72D-47B6-A68D-7590B98EB39B}
		{EBD68EBB-40B5-41D8-84C3-6068F298465C} = {827E0CD3-B72D-47B6-A68D-7590B98EB39B}
		{0557B430-7D9E-49EC-86C0-6226EDAD618F} = {827E0CD3-B72D-47B6-A68D-7590B98EB39B}
		{4AC63F4B-0559-4B8D-B3A8-0AA4AC91FC57} = {827E0CD3-B72D-47B6-A68D-7590B98EB39B}
		{CFF2544C-AEBD-4279-AFC9-6F576D0BA401} = {827E0CD3-B72D-47B6-A68D-7590B98EB39B}
		{DB24BE3D-4855-430C-8238-23107EE434ED} = {827E0CD3-B72D-47B6-A68D-7590B98EB39B}
		{5D7D4B37-0539-48EE-B638-A4D709EB8C27} = {0AB3BF05-4346-4AA6-1389-037BE0695223}
		{D74A898E-E453-4738-A255-E5A77BD318F8} = {0AB3BF05-4346-4AA6-1389-037BE0695223}
		{24F73751-87BC-422D-AAF7-3CCA70557A7B} = {0AB3BF05-4346-4AA6-1389-037BE0695223}
		{6A1D44D6-DF0A-48C4-A4CF-9FB49E1B201F} = {0AB3BF05-4346-4AA6-1389-037BE0695223}
	EndGlobalSection
EndGlobal
